
Microsoft Visual Studio Solution File, Format Version 12.00
# Visual Studio 15
VisualStudioVersion = 15.0.27130.2036
MinimumVisualStudioVersion = 10.0.40219.1
Project("{FAE04EC0-301F-11D3-BF4B-00C04F79EFBC}") = "CS_ScientificCalculator", "RookasScientificCalculator\Rookas Smart Calculator.csproj", "{6F4EDBA5-DC5E-4D0A-9152-A4145FD26BAE}"
EndProject
Global
	GlobalSection(SolutionConfigurationPlatforms) = preSolution
		Debug|Any CPU = Debug|Any CPU
		Release|Any CPU = Release|Any CPU
	EndGlobalSection
	GlobalSection(ProjectConfigurationPlatforms) = postSolution
		{6F4EDBA5-DC5E-4D0A-9152-A4145FD26BAE}.Debug|Any CPU.ActiveCfg = Debug|Any CPU
		{6F4EDBA5-DC5E-4D0A-9152-A4145FD26BAE}.Debug|Any CPU.Build.0 = Debug|Any CPU
		{6F4EDBA5-DC5E-4D0A-9152-A4145FD26BAE}.Release|Any CPU.ActiveCfg = Release|Any CPU
		{6F4EDBA5-DC5E-4D0A-9152-A4145FD26BAE}.Release|Any CPU.Build.0 = Release|Any CPU
	EndGlobalSection
	GlobalSection(SolutionProperties) = preSolution
		HideSolutionNode = FALSE
	EndGlobalSection
	GlobalSection(ExtensibilityGlobals) = postSolution
		SolutionGuid = {FFBC502C-5B37-42F3-98C9-59B336ACCAC1}
	EndGlobalSection
EndGlobal
